<?xml version="1.0" encoding="utf-8"?>
<Project ToolsVersion="4.0" xmlns="http://schemas.microsoft.com/developer/msbuild/2003">
  <ItemGroup>
    <Filter Include="Fichiers sources">
      <UniqueIdentifier>{4FC737F1-C7A5-4376-A066-2A32D752A2FF}</UniqueIdentifier>
      <Extensions>cpp;c;cc;cxx;def;odl;idl;hpj;bat;asm;asmx</Extensions>
    </Filter>
    <Filter Include="Fichiers d%27en-tête">
      <UniqueIdentifier>{93995380-89BD-4b04-88EB-625FBE52EBFB}</UniqueIdentifier>
      <Extensions>h;hh;hpp;hxx;hm;inl;inc;xsd</Extensions>
    </Filter>
    <Filter Include="Fichiers de ressources">
      <UniqueIdentifier>{67DA6AB6-F800-4c08-8B7A-83BB121AAD01}</UniqueIdentifier>
      <Extensions>rc;ico;cur;bmp;dlg;rc2;rct;bin;rgs;gif;jpg;jpeg;jpe;resx;tiff;tif;png;wav;mfcribbon-ms</Extensions>
    </Filter>
    <Filter Include="Tools">
      <UniqueIdentifier>{68117d71-e099-4ac9-b8e2-ea585ccf5708}</UniqueIdentifier>
    </Filter>
    <Filter Include="new">
      <UniqueIdentifier>{c8c847a2-a33a-4b6a-811a-ccc420980361}</UniqueIdentifier>
    </Filter>
    <Filter Include="Resources">
      <UniqueIdentifier>{ed94edca-2e16-426c-aeca-40e1e0190273}</UniqueIdentifier>
    </Filter>
    <Filter Include="Graphics">
      <UniqueIdentifier>{693b75c4-e570-4bef-b5e4-b9f5afdcc0b8}</UniqueIdentifier>
    </Filter>
    <Filter Include="Sound">
      <UniqueIdentifier>{c901fa39-de35-4175-93f4-df8fb27d7aed}</UniqueIdentifier>
    </Filter>
    <Filter Include="Game">
      <UniqueIdentifier>{e0ae526a-e742-447d-8fde-e27dc1162ce5}</UniqueIdentifier>
    </Filter>
    <Filter Include="Game\GameStates">
      <UniqueIdentifier>{c7ea8d3d-b742-4a7f-b4f2-373082ac00ad}</UniqueIdentifier>
    </Filter>
    <Filter Include="Entity">
      <UniqueIdentifier>{d5d4e393-5339-4b18-ad84-b3012bb01ed8}</UniqueIdentifier>
    </Filter>
    <Filter Include="Network">
      <UniqueIdentifier>{4fd4e31d-5b38-4ed5-905c-647641b4080b}</UniqueIdentifier>
    </Filter>
    <Filter Include="Game\Maze">
      <UniqueIdentifier>{1baa415d-1b5f-4b25-9023-90189404e496}</UniqueIdentifier>
    </Filter>
    <Filter Include="Game\EntityStates">
      <UniqueIdentifier>{f902b86e-c16a-4916-838c-a96fbd7adbe1}</UniqueIdentifier>
    </Filter>
    <Filter Include="Game\GameStates\ClientStates">
      <UniqueIdentifier>{403a63ca-98be-4fdc-aa33-a41e1e7b5378}</UniqueIdentifier>
    </Filter>
    <Filter Include="Game\GameStates\ServerStates">
      <UniqueIdentifier>{ddf384c4-608d-409d-8268-4cb3031972a6}</UniqueIdentifier>
    </Filter>
    <Filter Include="Game\Factories">
      <UniqueIdentifier>{b583c59e-7e3f-4229-ad16-409b5fe88eef}</UniqueIdentifier>
    </Filter>
    <Filter Include="Game\Resources">
      <UniqueIdentifier>{eb3d4242-f78a-4253-b6e6-6c4f58661ef9}</UniqueIdentifier>
    </Filter>
  </ItemGroup>
  <ItemGroup>
    <ClCompile Include="src\entity\Dragoon.cpp">
      <Filter>Entity</Filter>
    </ClCompile>
    <ClCompile Include="src\entity\Entity.cpp">
      <Filter>Entity</Filter>
    </ClCompile>
    <ClCompile Include="src\entity\EntityManager.cpp">
      <Filter>Entity</Filter>
    </ClCompile>
    <ClCompile Include="src\entity\Player.cpp">
      <Filter>Entity</Filter>
    </ClCompile>
    <ClCompile Include="src\entity\Treasure.cpp">
      <Filter>Entity</Filter>
    </ClCompile>
    <ClCompile Include="src\entityState\EntityState.cpp">
      <Filter>Game\EntityStates</Filter>
    </ClCompile>
    <ClCompile Include="src\entityState\MovingDragoon.cpp">
      <Filter>Game\EntityStates</Filter>
    </ClCompile>
    <ClCompile Include="src\factory\ObjectFactory.cpp">
      <Filter>Game\Factories</Filter>
    </ClCompile>
    <ClCompile Include="src\factory\ObjectFactoryManager.cpp">
      <Filter>Game\Factories</Filter>
    </ClCompile>
    <ClCompile Include="src\factory\SideFactory.cpp">
      <Filter>Game\Factories</Filter>
    </ClCompile>
    <ClCompile Include="src\game\Action.cpp">
      <Filter>Game</Filter>
    </ClCompile>
    <ClCompile Include="src\game\Animation.cpp">
      <Filter>Game</Filter>
    </ClCompile>
    <ClCompile Include="src\game\CommonInterface.cpp">
      <Filter>Game</Filter>
    </ClCompile>
    <ClCompile Include="src\game\Direction.cpp">
      <Filter>Game</Filter>
    </ClCompile>
    <ClCompile Include="src\game\DraggableImage.cpp">
      <Filter>Game</Filter>
    </ClCompile>
    <ClCompile Include="src\game\Engine.cpp">
      <Filter>Game</Filter>
    </ClCompile>
    <ClCompile Include="src\game\Game.cpp">
      <Filter>Game</Filter>
    </ClCompile>
    <ClCompile Include="src\game\GameEngine.cpp">
      <Filter>Game</Filter>
    </ClCompile>
    <ClCompile Include="src\game\GameUtils.cpp">
      <Filter>Game</Filter>
    </ClCompile>
    <ClCompile Include="src\game\main.cpp">
      <Filter>Game</Filter>
    </ClCompile>
    <ClCompile Include="src\game\Message.cpp">
      <Filter>Game</Filter>
    </ClCompile>
    <ClCompile Include="src\game\MessageBuilder.cpp">
      <Filter>Game</Filter>
    </ClCompile>
    <ClCompile Include="src\gameState\GameState.cpp">
      <Filter>Game\GameStates</Filter>
    </ClCompile>
    <ClCompile Include="src\gameState\clientState\SConnectionMenu.cpp">
      <Filter>Game\GameStates\ClientStates</Filter>
    </ClCompile>
    <ClCompile Include="src\gameState\clientState\SGame.cpp">
      <Filter>Game\GameStates\ClientStates</Filter>
    </ClCompile>
    <ClCompile Include="src\gameState\clientState\SGameBeginning.cpp">
      <Filter>Game\GameStates\ClientStates</Filter>
    </ClCompile>
    <ClCompile Include="src\gameState\clientState\SGameWon.cpp">
      <Filter>Game\GameStates\ClientStates</Filter>
    </ClCompile>
    <ClCompile Include="src\gameState\clientState\SLobby.cpp">
      <Filter>Game\GameStates\ClientStates</Filter>
    </ClCompile>
    <ClCompile Include="src\gameState\clientState\SMainMenu.cpp">
      <Filter>Game\GameStates\ClientStates</Filter>
    </ClCompile>
    <ClCompile Include="src\gameState\clientState\SMainMenuSolo.cpp">
      <Filter>Game\GameStates\ClientStates</Filter>
    </ClCompile>
    <ClCompile Include="src\gameState\serverState\SGameBeginningServer.cpp">
      <Filter>Game\GameStates\ServerStates</Filter>
    </ClCompile>
    <ClCompile Include="src\gameState\serverState\SGameServer.cpp">
      <Filter>Game\GameStates\ServerStates</Filter>
    </ClCompile>
    <ClCompile Include="src\gameState\serverState\SLobbyServer.cpp">
      <Filter>Game\GameStates\ServerStates</Filter>
    </ClCompile>
    <ClCompile Include="src\graphic\BaseGameView.cpp">
      <Filter>Graphics</Filter>
    </ClCompile>
    <ClCompile Include="src\graphic\GameBeginningView.cpp">
      <Filter>Graphics</Filter>
    </ClCompile>
    <ClCompile Include="src\graphic\GameLostView.cpp">
      <Filter>Graphics</Filter>
    </ClCompile>
    <ClCompile Include="src\graphic\GameView.cpp">
      <Filter>Graphics</Filter>
    </ClCompile>
    <ClCompile Include="src\graphic\GameWonView.cpp">
      <Filter>Graphics</Filter>
    </ClCompile>
    <ClCompile Include="src\graphic\GraphicEngine.cpp">
      <Filter>Graphics</Filter>
    </ClCompile>
    <ClCompile Include="src\graphic\MainMenuView.cpp">
      <Filter>Graphics</Filter>
    </ClCompile>
    <ClCompile Include="src\graphic\View.cpp">
      <Filter>Graphics</Filter>
    </ClCompile>
    <ClCompile Include="src\maze\BaseMazeGenerator.cpp">
      <Filter>Game\Maze</Filter>
    </ClCompile>
    <ClCompile Include="src\maze\Cell.cpp">
      <Filter>Game\Maze</Filter>
    </ClCompile>
    <ClCompile Include="src\maze\CellDefManager.cpp">
      <Filter>Game\Maze</Filter>
    </ClCompile>
    <ClCompile Include="src\maze\CompleteMazeGenerator.cpp">
      <Filter>Game\Maze</Filter>
    </ClCompile>
    <ClCompile Include="src\maze\EmptyMazeGenerator.cpp">
      <Filter>Game\Maze</Filter>
    </ClCompile>
    <ClCompile Include="src\maze\Maze.cpp">
      <Filter>Game\Maze</Filter>
    </ClCompile>
    <ClCompile Include="src\maze\MazeUtils.cpp">
      <Filter>Game\Maze</Filter>
    </ClCompile>
    <ClCompile Include="src\maze\Side.cpp">
      <Filter>Game\Maze</Filter>
    </ClCompile>
    <ClCompile Include="src\maze\SideDefManager.cpp">
      <Filter>Game\Maze</Filter>
    </ClCompile>
    <ClCompile Include="src\network\NetworkEngine.cpp">
      <Filter>Network</Filter>
    </ClCompile>
    <ClCompile Include="src\resources\CreationFichierRessources.cpp">
      <Filter>Resources</Filter>
    </ClCompile>
    <ClCompile Include="src\resources\DataTexture.cpp">
      <Filter>Resources</Filter>
    </ClCompile>
    <ClCompile Include="src\resources\IResource.cpp">
      <Filter>Resources</Filter>
    </ClCompile>
    <ClCompile Include="src\resources\ResourceImage.cpp">
      <Filter>Resources</Filter>
    </ClCompile>
    <ClCompile Include="src\resources\ResourceImageManager.cpp">
      <Filter>Resources</Filter>
    </ClCompile>
    <ClCompile Include="src\resources\ResourcesFile.cpp">
      <Filter>Resources</Filter>
    </ClCompile>
    <ClCompile Include="src\resources\ResourcesManager.cpp">
      <Filter>Resources</Filter>
    </ClCompile>
    <ClCompile Include="src\resources\ResourceSoundBuffer.cpp">
      <Filter>Resources</Filter>
    </ClCompile>
    <ClCompile Include="src\resources\ResourceTexture.cpp">
      <Filter>Resources</Filter>
    </ClCompile>
    <ClCompile Include="src\resources\TextureManager.cpp">
      <Filter>Resources</Filter>
    </ClCompile>
    <ClCompile Include="src\sound\SoundBufferManager.cpp">
      <Filter>Sound</Filter>
    </ClCompile>
    <ClCompile Include="src\sound\SoundEngine.cpp">
      <Filter>Sound</Filter>
    </ClCompile>
    <ClCompile Include="src\tools\Color.cpp">
      <Filter>Tools</Filter>
    </ClCompile>
    <ClCompile Include="src\tools\Exceptions.cpp">
      <Filter>Tools</Filter>
    </ClCompile>
    <ClCompile Include="src\tools\Logger.cpp">
      <Filter>Tools</Filter>
    </ClCompile>
    <ClCompile Include="src\tools\Rng.cpp">
      <Filter>Tools</Filter>
    </ClCompile>
    <ClCompile Include="src\tools\Timer.cpp">
      <Filter>Tools</Filter>
    </ClCompile>
    <ClCompile Include="src\entity\PlayerDefManager.cpp">
      <Filter>Entity</Filter>
    </ClCompile>
  </ItemGroup>
  <ItemGroup>
    <ClInclude Include="src\entity\Dragoon.h">
      <Filter>Entity</Filter>
    </ClInclude>
    <ClInclude Include="src\entity\Entity.h">
      <Filter>Entity</Filter>
    </ClInclude>
    <ClInclude Include="src\entity\EntityManager.h">
      <Filter>Entity</Filter>
    </ClInclude>
    <ClInclude Include="src\entity\Player.h">
      <Filter>Entity</Filter>
    </ClInclude>
    <ClInclude Include="src\entity\Treasure.h">
      <Filter>Entity</Filter>
    </ClInclude>
    <ClInclude Include="src\entityState\EntityState.h">
      <Filter>Game\EntityStates</Filter>
    </ClInclude>
    <ClInclude Include="src\entityState\MovingDragoon.h">
      <Filter>Game\EntityStates</Filter>
    </ClInclude>
    <ClInclude Include="src\factory\ObjectFactory.h">
      <Filter>Game\Factories</Filter>
    </ClInclude>
    <ClInclude Include="src\factory\ObjectFactoryManager.h">
      <Filter>Game\Factories</Filter>
    </ClInclude>
    <ClInclude Include="src\factory\SideFactory.h">
      <Filter>Game\Factories</Filter>
    </ClInclude>
    <ClInclude Include="src\game\Action.h">
      <Filter>Game</Filter>
    </ClInclude>
    <ClInclude Include="src\game\Animation.h">
      <Filter>Game</Filter>
    </ClInclude>
    <ClInclude Include="src\game\CommonInterface.h">
      <Filter>Game</Filter>
    </ClInclude>
    <ClInclude Include="src\game\Direction.h">
      <Filter>Game</Filter>
    </ClInclude>
    <ClInclude Include="src\game\DraggableImage.h">
      <Filter>Game</Filter>
    </ClInclude>
    <ClInclude Include="src\game\Engine.h">
      <Filter>Game</Filter>
    </ClInclude>
    <ClInclude Include="src\game\Game.h">
      <Filter>Game</Filter>
    </ClInclude>
    <ClInclude Include="src\game\GameEngine.h">
      <Filter>Game</Filter>
    </ClInclude>
    <ClInclude Include="src\game\GameUtils.h">
      <Filter>Game</Filter>
    </ClInclude>
    <ClInclude Include="src\game\Message.h">
      <Filter>Game</Filter>
    </ClInclude>
    <ClInclude Include="src\game\MessageBuilder.h">
      <Filter>Game</Filter>
    </ClInclude>
    <ClInclude Include="src\gameState\GameState.h">
      <Filter>Game\GameStates</Filter>
    </ClInclude>
    <ClInclude Include="src\gameState\clientState\SConnectionMenu.h">
      <Filter>Game\GameStates\ClientStates</Filter>
    </ClInclude>
    <ClInclude Include="src\gameState\clientState\SGame.h">
      <Filter>Game\GameStates\ClientStates</Filter>
    </ClInclude>
    <ClInclude Include="src\gameState\clientState\SGameBeginning.h">
      <Filter>Game\GameStates\ClientStates</Filter>
    </ClInclude>
    <ClInclude Include="src\gameState\clientState\SGameWon.h">
      <Filter>Game\GameStates\ClientStates</Filter>
    </ClInclude>
    <ClInclude Include="src\gameState\clientState\SLobby.h">
      <Filter>Game\GameStates\ClientStates</Filter>
    </ClInclude>
    <ClInclude Include="src\gameState\clientState\SMainMenu.h">
      <Filter>Game\GameStates\ClientStates</Filter>
    </ClInclude>
    <ClInclude Include="src\gameState\clientState\SMainMenuSolo.h">
      <Filter>Game\GameStates\ClientStates</Filter>
    </ClInclude>
    <ClInclude Include="src\gameState\serverState\SGameBeginningServer.h">
      <Filter>Game\GameStates\ServerStates</Filter>
    </ClInclude>
    <ClInclude Include="src\gameState\serverState\SGameServer.h">
      <Filter>Game\GameStates\ServerStates</Filter>
    </ClInclude>
    <ClInclude Include="src\gameState\serverState\SLobbyServer.h">
      <Filter>Game\GameStates\ServerStates</Filter>
    </ClInclude>
    <ClInclude Include="src\graphic\BaseGameView.h">
      <Filter>Graphics</Filter>
    </ClInclude>
    <ClInclude Include="src\graphic\GameBeginningView.h">
      <Filter>Graphics</Filter>
    </ClInclude>
    <ClInclude Include="src\graphic\GameLostView.h">
      <Filter>Graphics</Filter>
    </ClInclude>
    <ClInclude Include="src\graphic\GameView.h">
      <Filter>Graphics</Filter>
    </ClInclude>
    <ClInclude Include="src\graphic\GameWonView.h">
      <Filter>Graphics</Filter>
    </ClInclude>
    <ClInclude Include="src\graphic\GraphicEngine.h">
      <Filter>Graphics</Filter>
    </ClInclude>
    <ClInclude Include="src\graphic\MainMenuView.h">
      <Filter>Graphics</Filter>
    </ClInclude>
    <ClInclude Include="src\graphic\View.h">
      <Filter>Graphics</Filter>
    </ClInclude>
    <ClInclude Include="src\maze\BaseMazeGenerator.h">
      <Filter>Game\Maze</Filter>
    </ClInclude>
    <ClInclude Include="src\maze\Cell.h">
      <Filter>Game\Maze</Filter>
    </ClInclude>
    <ClInclude Include="src\maze\CellDefManager.h">
      <Filter>Game\Maze</Filter>
    </ClInclude>
    <ClInclude Include="src\maze\CompleteMazeGenerator.h">
      <Filter>Game\Maze</Filter>
    </ClInclude>
    <ClInclude Include="src\maze\EmptyMazeGenerator.h">
      <Filter>Game\Maze</Filter>
    </ClInclude>
    <ClInclude Include="src\maze\Maze.h">
      <Filter>Game\Maze</Filter>
    </ClInclude>
    <ClInclude Include="src\maze\MazeUtils.h">
      <Filter>Game\Maze</Filter>
    </ClInclude>
    <ClInclude Include="src\maze\Side.h">
      <Filter>Game\Maze</Filter>
    </ClInclude>
    <ClInclude Include="src\maze\SideDefManager.h">
      <Filter>Game\Maze</Filter>
    </ClInclude>
    <ClInclude Include="src\network\NetworkEngine.h">
      <Filter>Network</Filter>
    </ClInclude>
    <ClInclude Include="src\resources\CreationFichierRessources.h">
      <Filter>Resources</Filter>
    </ClInclude>
    <ClInclude Include="src\resources\DataTexture.h">
      <Filter>Resources</Filter>
    </ClInclude>
    <ClInclude Include="src\resources\IResource.h">
      <Filter>Resources</Filter>
    </ClInclude>
    <ClInclude Include="src\resources\ResourceImage.h">
      <Filter>Resources</Filter>
    </ClInclude>
    <ClInclude Include="src\resources\ResourceImageManager.h">
      <Filter>Resources</Filter>
    </ClInclude>
    <ClInclude Include="src\resources\ResourcesFile.h">
      <Filter>Resources</Filter>
    </ClInclude>
    <ClInclude Include="src\resources\ResourcesManager.h">
      <Filter>Resources</Filter>
    </ClInclude>
    <ClInclude Include="src\resources\ResourceSoundBuffer.h">
      <Filter>Resources</Filter>
    </ClInclude>
    <ClInclude Include="src\resources\ResourceTexture.h">
      <Filter>Resources</Filter>
    </ClInclude>
    <ClInclude Include="src\resources\TextureManager.h">
      <Filter>Resources</Filter>
    </ClInclude>
    <ClInclude Include="src\sound\SoundBufferManager.h">
      <Filter>Sound</Filter>
    </ClInclude>
    <ClInclude Include="src\sound\SoundEngine.h">
      <Filter>Sound</Filter>
    </ClInclude>
    <ClInclude Include="src\tools\Array2D.h">
      <Filter>Tools</Filter>
    </ClInclude>
    <ClInclude Include="src\tools\Color.h">
      <Filter>Tools</Filter>
    </ClInclude>
    <ClInclude Include="src\tools\Exceptions.h">
      <Filter>Tools</Filter>
    </ClInclude>
    <ClInclude Include="src\tools\FileReading.h">
      <Filter>Tools</Filter>
    </ClInclude>
    <ClInclude Include="src\tools\Logger.h">
      <Filter>Tools</Filter>
    </ClInclude>
    <ClInclude Include="src\tools\NonCopyable.h">
      <Filter>Tools</Filter>
    </ClInclude>
    <ClInclude Include="src\tools\Point.h">
      <Filter>Tools</Filter>
    </ClInclude>
    <ClInclude Include="src\tools\Policy.h">
      <Filter>Tools</Filter>
    </ClInclude>
    <ClInclude Include="src\tools\Rectangle.h">
      <Filter>Tools</Filter>
    </ClInclude>
    <ClInclude Include="src\tools\Rng.h">
      <Filter>Tools</Filter>
    </ClInclude>
    <ClInclude Include="src\tools\Singleton.h">
      <Filter>Tools</Filter>
    </ClInclude>
    <ClInclude Include="src\tools\Timer.h">
      <Filter>Tools</Filter>
    </ClInclude>
    <ClInclude Include="src\tools\Tools.h">
      <Filter>Tools</Filter>
    </ClInclude>
    <ClInclude Include="src\tools\WithSmartPtr.h">
      <Filter>Tools</Filter>
    </ClInclude>
    <ClInclude Include="src\entity\PlayerDefManager.h">
      <Filter>Entity</Filter>
    </ClInclude>
  </ItemGroup>
</Project>